// !$*UTF8*$!
{
	archiveVersion = 1;
	classes = {
	};
	objectVersion = 56;
	objects = {

/* Begin PBXBuildFile section */
		75057AE229900C56001740F5 /* CodingStyleCased in Frameworks */ = {isa = PBXBuildFile; productRef = 75057AE129900C56001740F5 /* CodingStyleCased */; };
		7562721329829E980086C0A9 /* LoginView.swift in Sources */ = {isa = PBXBuildFile; fileRef = 7562721229829E980086C0A9 /* LoginView.swift */; };
		756272152982A3B90086C0A9 /* WorkflowsView.swift in Sources */ = {isa = PBXBuildFile; fileRef = 756272142982A3B90086C0A9 /* WorkflowsView.swift */; };
		756272192982A6B70086C0A9 /* UserDetailView.swift in Sources */ = {isa = PBXBuildFile; fileRef = 756272182982A6B70086C0A9 /* UserDetailView.swift */; };
		7562721C2983BF530086C0A9 /* User.swift in Sources */ = {isa = PBXBuildFile; fileRef = 7562721B2983BF530086C0A9 /* User.swift */; };
		7562721F2983E71D0086C0A9 /* Users.swift in Sources */ = {isa = PBXBuildFile; fileRef = 7562721E2983E71D0086C0A9 /* Users.swift */; };
		756272222983EE540086C0A9 /* Settings.swift in Sources */ = {isa = PBXBuildFile; fileRef = 756272212983EE540086C0A9 /* Settings.swift */; };
		756272242983F21B0086C0A9 /* Group.swift in Sources */ = {isa = PBXBuildFile; fileRef = 756272232983F21B0086C0A9 /* Group.swift */; };
		756272282987C1D70086C0A9 /* NewsFeed.swift in Sources */ = {isa = PBXBuildFile; fileRef = 756272272987C1D70086C0A9 /* NewsFeed.swift */; };
		7562722A2987C2060086C0A9 /* GroupsList.swift in Sources */ = {isa = PBXBuildFile; fileRef = 756272292987C2060086C0A9 /* GroupsList.swift */; };
		7562722D2987C5DB0086C0A9 /* ASCollectionView in Frameworks */ = {isa = PBXBuildFile; productRef = 7562722C2987C5DB0086C0A9 /* ASCollectionView */; };
		7562722F2987CD8E0086C0A9 /* Photos.swift in Sources */ = {isa = PBXBuildFile; fileRef = 7562722E2987CD8E0086C0A9 /* Photos.swift */; };
		7562726F298BA8010086C0A9 /* VKLoginWebView.swift in Sources */ = {isa = PBXBuildFile; fileRef = 7562726E298BA8010086C0A9 /* VKLoginWebView.swift */; };
		75627271298BABCA0086C0A9 /* Session.swift in Sources */ = {isa = PBXBuildFile; fileRef = 75627270298BABCA0086C0A9 /* Session.swift */; };
		75627273298BD1CC0086C0A9 /* ApiDataService.swift in Sources */ = {isa = PBXBuildFile; fileRef = 75627272298BD1CC0086C0A9 /* ApiDataService.swift */; };
		75627276298BD24D0086C0A9 /* Alamofire in Frameworks */ = {isa = PBXBuildFile; productRef = 75627275298BD24D0086C0A9 /* Alamofire */; };
		75627279298BD29F0086C0A9 /* SwiftyJSON in Frameworks */ = {isa = PBXBuildFile; productRef = 75627278298BD29F0086C0A9 /* SwiftyJSON */; };
		7562727B298BD2E10086C0A9 /* VKApi.swift in Sources */ = {isa = PBXBuildFile; fileRef = 7562727A298BD2E10086C0A9 /* VKApi.swift */; };
		7562727D298BD3BC0086C0A9 /* Profile.swift in Sources */ = {isa = PBXBuildFile; fileRef = 7562727C298BD3BC0086C0A9 /* Profile.swift */; };
		7562727F298BD3D50086C0A9 /* UserPost.swift in Sources */ = {isa = PBXBuildFile; fileRef = 7562727E298BD3D50086C0A9 /* UserPost.swift */; };
		75627282298BF14E0086C0A9 /* UsersViewModel.swift in Sources */ = {isa = PBXBuildFile; fileRef = 75627281298BF14E0086C0A9 /* UsersViewModel.swift */; };
		756ACCCC29715F5700688FA7 /* UserCell.swift in Sources */ = {isa = PBXBuildFile; fileRef = 756ACCCB29715F5700688FA7 /* UserCell.swift */; };
		756ACCCE297160F700688FA7 /* UserList.swift in Sources */ = {isa = PBXBuildFile; fileRef = 756ACCCD297160F700688FA7 /* UserList.swift */; };
		756ACCD0297163D400688FA7 /* CircleImage.swift in Sources */ = {isa = PBXBuildFile; fileRef = 756ACCCF297163D400688FA7 /* CircleImage.swift */; };
		756ACCD3297164A500688FA7 /* CircleShadow.swift in Sources */ = {isa = PBXBuildFile; fileRef = 756ACCD2297164A500688FA7 /* CircleShadow.swift */; };
		756ACCD5297165F700688FA7 /* RecordCell.swift in Sources */ = {isa = PBXBuildFile; fileRef = 756ACCD4297165F700688FA7 /* RecordCell.swift */; };
		758DBBA2296EC895006CEF43 /* SwiftUILessonsApp.swift in Sources */ = {isa = PBXBuildFile; fileRef = 758DBBA1296EC895006CEF43 /* SwiftUILessonsApp.swift */; };
		758DBBA4296EC895006CEF43 /* ContentView.swift in Sources */ = {isa = PBXBuildFile; fileRef = 758DBBA3296EC895006CEF43 /* ContentView.swift */; };
		758DBBA6296EC897006CEF43 /* Assets.xcassets in Resources */ = {isa = PBXBuildFile; fileRef = 758DBBA5296EC897006CEF43 /* Assets.xcassets */; };
		758DBBA9296EC897006CEF43 /* Preview Assets.xcassets in Resources */ = {isa = PBXBuildFile; fileRef = 758DBBA8296EC897006CEF43 /* Preview Assets.xcassets */; };
/* End PBXBuildFile section */

/* Begin PBXFileReference section */
		7562721229829E980086C0A9 /* LoginView.swift */ = {isa = PBXFileReference; lastKnownFileType = sourcecode.swift; path = LoginView.swift; sourceTree = "<group>"; };
		756272142982A3B90086C0A9 /* WorkflowsView.swift */ = {isa = PBXFileReference; lastKnownFileType = sourcecode.swift; path = WorkflowsView.swift; sourceTree = "<group>"; };
		756272182982A6B70086C0A9 /* UserDetailView.swift */ = {isa = PBXFileReference; lastKnownFileType = sourcecode.swift; path = UserDetailView.swift; sourceTree = "<group>"; };
		7562721B2983BF530086C0A9 /* User.swift */ = {isa = PBXFileReference; fileEncoding = 4; lastKnownFileType = sourcecode.swift; path = User.swift; sourceTree = "<group>"; };
		7562721E2983E71D0086C0A9 /* Users.swift */ = {isa = PBXFileReference; lastKnownFileType = sourcecode.swift; path = Users.swift; sourceTree = "<group>"; };
		756272212983EE540086C0A9 /* Settings.swift */ = {isa = PBXFileReference; lastKnownFileType = sourcecode.swift; path = Settings.swift; sourceTree = "<group>"; };
		756272232983F21B0086C0A9 /* Group.swift */ = {isa = PBXFileReference; fileEncoding = 4; lastKnownFileType = sourcecode.swift; path = Group.swift; sourceTree = "<group>"; };
		756272272987C1D70086C0A9 /* NewsFeed.swift */ = {isa = PBXFileReference; lastKnownFileType = sourcecode.swift; path = NewsFeed.swift; sourceTree = "<group>"; };
		756272292987C2060086C0A9 /* GroupsList.swift */ = {isa = PBXFileReference; lastKnownFileType = sourcecode.swift; path = GroupsList.swift; sourceTree = "<group>"; };
		7562722E2987CD8E0086C0A9 /* Photos.swift */ = {isa = PBXFileReference; lastKnownFileType = sourcecode.swift; path = Photos.swift; sourceTree = "<group>"; };
		7562726E298BA8010086C0A9 /* VKLoginWebView.swift */ = {isa = PBXFileReference; fileEncoding = 4; lastKnownFileType = sourcecode.swift; path = VKLoginWebView.swift; sourceTree = "<group>"; };
		75627270298BABCA0086C0A9 /* Session.swift */ = {isa = PBXFileReference; fileEncoding = 4; lastKnownFileType = sourcecode.swift; path = Session.swift; sourceTree = "<group>"; };
		75627272298BD1CC0086C0A9 /* ApiDataService.swift */ = {isa = PBXFileReference; fileEncoding = 4; lastKnownFileType = sourcecode.swift; path = ApiDataService.swift; sourceTree = "<group>"; };
		7562727A298BD2E10086C0A9 /* VKApi.swift */ = {isa = PBXFileReference; fileEncoding = 4; lastKnownFileType = sourcecode.swift; path = VKApi.swift; sourceTree = "<group>"; };
		7562727C298BD3BC0086C0A9 /* Profile.swift */ = {isa = PBXFileReference; fileEncoding = 4; lastKnownFileType = sourcecode.swift; path = Profile.swift; sourceTree = "<group>"; };
		7562727E298BD3D50086C0A9 /* UserPost.swift */ = {isa = PBXFileReference; fileEncoding = 4; lastKnownFileType = sourcecode.swift; path = UserPost.swift; sourceTree = "<group>"; };
		75627281298BF14E0086C0A9 /* UsersViewModel.swift */ = {isa = PBXFileReference; lastKnownFileType = sourcecode.swift; path = UsersViewModel.swift; sourceTree = "<group>"; };
		756272D5298FEEFA0086C0A9 /* Wrappers.playground */ = {isa = PBXFileReference; lastKnownFileType = file.playground; path = Wrappers.playground; sourceTree = "<group>"; xcLanguageSpecificationIdentifier = xcode.lang.swift; };
		756ACCCB29715F5700688FA7 /* UserCell.swift */ = {isa = PBXFileReference; lastKnownFileType = sourcecode.swift; path = UserCell.swift; sourceTree = "<group>"; };
		756ACCCD297160F700688FA7 /* UserList.swift */ = {isa = PBXFileReference; lastKnownFileType = sourcecode.swift; path = UserList.swift; sourceTree = "<group>"; };
		756ACCCF297163D400688FA7 /* CircleImage.swift */ = {isa = PBXFileReference; lastKnownFileType = sourcecode.swift; path = CircleImage.swift; sourceTree = "<group>"; };
		756ACCD2297164A500688FA7 /* CircleShadow.swift */ = {isa = PBXFileReference; lastKnownFileType = sourcecode.swift; path = CircleShadow.swift; sourceTree = "<group>"; };
		756ACCD4297165F700688FA7 /* RecordCell.swift */ = {isa = PBXFileReference; lastKnownFileType = sourcecode.swift; path = RecordCell.swift; sourceTree = "<group>"; };
		758DBB9E296EC895006CEF43 /* SwiftUILessons.app */ = {isa = PBXFileReference; explicitFileType = wrapper.application; includeInIndex = 0; path = SwiftUILessons.app; sourceTree = BUILT_PRODUCTS_DIR; };
		758DBBA1296EC895006CEF43 /* SwiftUILessonsApp.swift */ = {isa = PBXFileReference; lastKnownFileType = sourcecode.swift; path = SwiftUILessonsApp.swift; sourceTree = "<group>"; };
		758DBBA3296EC895006CEF43 /* ContentView.swift */ = {isa = PBXFileReference; lastKnownFileType = sourcecode.swift; path = ContentView.swift; sourceTree = "<group>"; };
		758DBBA5296EC897006CEF43 /* Assets.xcassets */ = {isa = PBXFileReference; lastKnownFileType = folder.assetcatalog; path = Assets.xcassets; sourceTree = "<group>"; };
		758DBBA8296EC897006CEF43 /* Preview Assets.xcassets */ = {isa = PBXFileReference; lastKnownFileType = folder.assetcatalog; path = "Preview Assets.xcassets"; sourceTree = "<group>"; };
/* End PBXFileReference section */

/* Begin PBXFrameworksBuildPhase section */
		758DBB9B296EC895006CEF43 /* Frameworks */ = {
			isa = PBXFrameworksBuildPhase;
			buildActionMask = 2147483647;
			files = (
				75627279298BD29F0086C0A9 /* SwiftyJSON in Frameworks */,
				75057AE229900C56001740F5 /* CodingStyleCased in Frameworks */,
				7562722D2987C5DB0086C0A9 /* ASCollectionView in Frameworks */,
				75627276298BD24D0086C0A9 /* Alamofire in Frameworks */,
			);
			runOnlyForDeploymentPostprocessing = 0;
		};
/* End PBXFrameworksBuildPhase section */

/* Begin PBXGroup section */
		756272162982A5F00086C0A9 /* Workflows */ = {
			isa = PBXGroup;
			children = (
				756272262987C1BE0086C0A9 /* News */,
				756272252987C19E0086C0A9 /* Groups */,
				756272202983EE430086C0A9 /* Settings */,
				756272172982A67F0086C0A9 /* Users */,
				756272142982A3B90086C0A9 /* WorkflowsView.swift */,
			);
			path = Workflows;
			sourceTree = "<group>";
		};
		756272172982A67F0086C0A9 /* Users */ = {
			isa = PBXGroup;
			children = (
				756ACCCB29715F5700688FA7 /* UserCell.swift */,
				756ACCCD297160F700688FA7 /* UserList.swift */,
				756272182982A6B70086C0A9 /* UserDetailView.swift */,
				75627281298BF14E0086C0A9 /* UsersViewModel.swift */,
			);
			path = Users;
			sourceTree = "<group>";
		};
		7562721A2983BF450086C0A9 /* Models */ = {
			isa = PBXGroup;
			children = (
				7562727E298BD3D50086C0A9 /* UserPost.swift */,
				7562727C298BD3BC0086C0A9 /* Profile.swift */,
				756272232983F21B0086C0A9 /* Group.swift */,
				7562721B2983BF530086C0A9 /* User.swift */,
			);
			path = Models;
			sourceTree = "<group>";
		};
		7562721D2983E7050086C0A9 /* DataSources */ = {
			isa = PBXGroup;
			children = (
				7562721E2983E71D0086C0A9 /* Users.swift */,
				7562722E2987CD8E0086C0A9 /* Photos.swift */,
			);
			path = DataSources;
			sourceTree = "<group>";
		};
		756272202983EE430086C0A9 /* Settings */ = {
			isa = PBXGroup;
			children = (
				756272212983EE540086C0A9 /* Settings.swift */,
			);
			path = Settings;
			sourceTree = "<group>";
		};
		756272252987C19E0086C0A9 /* Groups */ = {
			isa = PBXGroup;
			children = (
				756272292987C2060086C0A9 /* GroupsList.swift */,
			);
			path = Groups;
			sourceTree = "<group>";
		};
		756272262987C1BE0086C0A9 /* News */ = {
			isa = PBXGroup;
			children = (
				756272272987C1D70086C0A9 /* NewsFeed.swift */,
			);
			path = News;
			sourceTree = "<group>";
		};
		7562726D298BA8010086C0A9 /* VK */ = {
			isa = PBXGroup;
			children = (
				75627270298BABCA0086C0A9 /* Session.swift */,
				75627272298BD1CC0086C0A9 /* ApiDataService.swift */,
				7562726E298BA8010086C0A9 /* VKLoginWebView.swift */,
				7562727A298BD2E10086C0A9 /* VKApi.swift */,
			);
			path = VK;
			sourceTree = "<group>";
		};
		756272A4298FB8980086C0A9 /* Wrappers */ = {
			isa = PBXGroup;
			children = (
			);
			path = Wrappers;
			sourceTree = "<group>";
		};
		756272A7298FB9720086C0A9 /* Playgrounds */ = {
			isa = PBXGroup;
			children = (
			);
			path = Playgrounds;
			sourceTree = "<group>";
		};
		756ACCCA29715F2E00688FA7 /* Views */ = {
			isa = PBXGroup;
			children = (
				7562721229829E980086C0A9 /* LoginView.swift */,
				756ACCCF297163D400688FA7 /* CircleImage.swift */,
				756ACCD4297165F700688FA7 /* RecordCell.swift */,
			);
			path = Views;
			sourceTree = "<group>";
		};
		756ACCD12971649000688FA7 /* Modifiers */ = {
			isa = PBXGroup;
			children = (
				756ACCD2297164A500688FA7 /* CircleShadow.swift */,
			);
			path = Modifiers;
			sourceTree = "<group>";
		};
		758DBB95296EC895006CEF43 = {
			isa = PBXGroup;
			children = (
				758DBBA0296EC895006CEF43 /* SwiftUILessons */,
				758DBB9F296EC895006CEF43 /* Products */,
			);
			sourceTree = "<group>";
		};
		758DBB9F296EC895006CEF43 /* Products */ = {
			isa = PBXGroup;
			children = (
				758DBB9E296EC895006CEF43 /* SwiftUILessons.app */,
			);
			name = Products;
			sourceTree = "<group>";
		};
		758DBBA0296EC895006CEF43 /* SwiftUILessons */ = {
			isa = PBXGroup;
			children = (
				756272D5298FEEFA0086C0A9 /* Wrappers.playground */,
				756272A7298FB9720086C0A9 /* Playgrounds */,
				756272A4298FB8980086C0A9 /* Wrappers */,
				7562726D298BA8010086C0A9 /* VK */,
				7562721D2983E7050086C0A9 /* DataSources */,
				7562721A2983BF450086C0A9 /* Models */,
				756272162982A5F00086C0A9 /* Workflows */,
				756ACCD12971649000688FA7 /* Modifiers */,
				756ACCCA29715F2E00688FA7 /* Views */,
				758DBBA1296EC895006CEF43 /* SwiftUILessonsApp.swift */,
				758DBBA3296EC895006CEF43 /* ContentView.swift */,
				758DBBA5296EC897006CEF43 /* Assets.xcassets */,
				758DBBA7296EC897006CEF43 /* Preview Content */,
			);
			path = SwiftUILessons;
			sourceTree = "<group>";
		};
		758DBBA7296EC897006CEF43 /* Preview Content */ = {
			isa = PBXGroup;
			children = (
				758DBBA8296EC897006CEF43 /* Preview Assets.xcassets */,
			);
			path = "Preview Content";
			sourceTree = "<group>";
		};
/* End PBXGroup section */

/* Begin PBXNativeTarget section */
		758DBB9D296EC895006CEF43 /* SwiftUILessons */ = {
			isa = PBXNativeTarget;
			buildConfigurationList = 758DBBAC296EC897006CEF43 /* Build configuration list for PBXNativeTarget "SwiftUILessons" */;
			buildPhases = (
				758DBB9A296EC895006CEF43 /* Sources */,
				758DBB9B296EC895006CEF43 /* Frameworks */,
				758DBB9C296EC895006CEF43 /* Resources */,
				75627280298BD47C0086C0A9 /* ShellScript */,
			);
			buildRules = (
			);
			dependencies = (
			);
			name = SwiftUILessons;
			packageProductDependencies = (
				7562722C2987C5DB0086C0A9 /* ASCollectionView */,
				75627275298BD24D0086C0A9 /* Alamofire */,
				75627278298BD29F0086C0A9 /* SwiftyJSON */,
				75057AE129900C56001740F5 /* CodingStyleCased */,
			);
			productName = SwiftUILessons;
			productReference = 758DBB9E296EC895006CEF43 /* SwiftUILessons.app */;
			productType = "com.apple.product-type.application";
		};
/* End PBXNativeTarget section */

/* Begin PBXProject section */
		758DBB96296EC895006CEF43 /* Project object */ = {
			isa = PBXProject;
			attributes = {
				BuildIndependentTargetsInParallel = 1;
				LastSwiftUpdateCheck = 1420;
				LastUpgradeCheck = 1420;
				TargetAttributes = {
					758DBB9D296EC895006CEF43 = {
						CreatedOnToolsVersion = 14.2;
					};
				};
			};
			buildConfigurationList = 758DBB99296EC895006CEF43 /* Build configuration list for PBXProject "SwiftUILessons" */;
			compatibilityVersion = "Xcode 14.0";
			developmentRegion = en;
			hasScannedForEncodings = 0;
			knownRegions = (
				en,
				Base,
			);
			mainGroup = 758DBB95296EC895006CEF43;
			packageReferences = (
				7562722B2987C5DB0086C0A9 /* XCRemoteSwiftPackageReference "ASCollectionView" */,
				75627274298BD24D0086C0A9 /* XCRemoteSwiftPackageReference "Alamofire" */,
				75627277298BD29F0086C0A9 /* XCRemoteSwiftPackageReference "SwiftyJSON" */,
				75057AE029900C56001740F5 /* XCRemoteSwiftPackageReference "CodingStyleCased" */,
			);
			productRefGroup = 758DBB9F296EC895006CEF43 /* Products */;
			projectDirPath = "";
			projectRoot = "";
			targets = (
				758DBB9D296EC895006CEF43 /* SwiftUILessons */,
			);
		};
/* End PBXProject section */

/* Begin PBXResourcesBuildPhase section */
		758DBB9C296EC895006CEF43 /* Resources */ = {
			isa = PBXResourcesBuildPhase;
			buildActionMask = 2147483647;
			files = (
				758DBBA9296EC897006CEF43 /* Preview Assets.xcassets in Resources */,
				758DBBA6296EC897006CEF43 /* Assets.xcassets in Resources */,
			);
			runOnlyForDeploymentPostprocessing = 0;
		};
/* End PBXResourcesBuildPhase section */

/* Begin PBXShellScriptBuildPhase section */
		75627280298BD47C0086C0A9 /* ShellScript */ = {
			isa = PBXShellScriptBuildPhase;
			buildActionMask = 2147483647;
			files = (
			);
			inputFileListPaths = (
			);
			inputPaths = (
			);
			outputFileListPaths = (
			);
			outputPaths = (
			);
			runOnlyForDeploymentPostprocessing = 0;
			shellPath = /bin/sh;
			shellScript = "# Type a script or drag a script file from your workspace to insert its path.\n# exit 0\nPATH=/opt/homebrew/bin:$PATH\nif [ -f ~/com.raywenderlich.swiftlint.yml ]; then\n  if which swiftlint >/dev/null; then\n    swiftlint --no-cache --config ~/com.raywenderlich.swiftlint.yml\n  fi\nfi\n";
		};
/* End PBXShellScriptBuildPhase section */

/* Begin PBXSourcesBuildPhase section */
		758DBB9A296EC895006CEF43 /* Sources */ = {
			isa = PBXSourcesBuildPhase;
			buildActionMask = 2147483647;
			files = (
				756ACCCE297160F700688FA7 /* UserList.swift in Sources */,
				756272152982A3B90086C0A9 /* WorkflowsView.swift in Sources */,
				756272222983EE540086C0A9 /* Settings.swift in Sources */,
				756272282987C1D70086C0A9 /* NewsFeed.swift in Sources */,
				7562726F298BA8010086C0A9 /* VKLoginWebView.swift in Sources */,
				756ACCD3297164A500688FA7 /* CircleShadow.swift in Sources */,
				758DBBA4296EC895006CEF43 /* ContentView.swift in Sources */,
				7562721F2983E71D0086C0A9 /* Users.swift in Sources */,
				7562722A2987C2060086C0A9 /* GroupsList.swift in Sources */,
				756ACCD5297165F700688FA7 /* RecordCell.swift in Sources */,
				756272242983F21B0086C0A9 /* Group.swift in Sources */,
				75627271298BABCA0086C0A9 /* Session.swift in Sources */,
				7562727B298BD2E10086C0A9 /* VKApi.swift in Sources */,
				75627282298BF14E0086C0A9 /* UsersViewModel.swift in Sources */,
				75627273298BD1CC0086C0A9 /* ApiDataService.swift in Sources */,
				758DBBA2296EC895006CEF43 /* SwiftUILessonsApp.swift in Sources */,
				756ACCCC29715F5700688FA7 /* UserCell.swift in Sources */,
				7562722F2987CD8E0086C0A9 /* Photos.swift in Sources */,
				7562721329829E980086C0A9 /* LoginView.swift in Sources */,
				7562727F298BD3D50086C0A9 /* UserPost.swift in Sources */,
				756272192982A6B70086C0A9 /* UserDetailView.swift in Sources */,
				7562727D298BD3BC0086C0A9 /* Profile.swift in Sources */,
				756ACCD0297163D400688FA7 /* CircleImage.swift in Sources */,
				7562721C2983BF530086C0A9 /* User.swift in Sources */,
			);
			runOnlyForDeploymentPostprocessing = 0;
		};
/* End PBXSourcesBuildPhase section */

/* Begin XCBuildConfiguration section */
		758DBBAA296EC897006CEF43 /* Debug */ = {
			isa = XCBuildConfiguration;
			buildSettings = {
				ALWAYS_SEARCH_USER_PATHS = NO;
				CLANG_ANALYZER_NONNULL = YES;
				CLANG_ANALYZER_NUMBER_OBJECT_CONVERSION = YES_AGGRESSIVE;
				CLANG_CXX_LANGUAGE_STANDARD = "gnu++20";
				CLANG_ENABLE_MODULES = YES;
				CLANG_ENABLE_OBJC_ARC = YES;
				CLANG_ENABLE_OBJC_WEAK = YES;
				CLANG_WARN_BLOCK_CAPTURE_AUTORELEASING = YES;
				CLANG_WARN_BOOL_CONVERSION = YES;
				CLANG_WARN_COMMA = YES;
				CLANG_WARN_CONSTANT_CONVERSION = YES;
				CLANG_WARN_DEPRECATED_OBJC_IMPLEMENTATIONS = YES;
				CLANG_WARN_DIRECT_OBJC_ISA_USAGE = YES_ERROR;
				CLANG_WARN_DOCUMENTATION_COMMENTS = YES;
				CLANG_WARN_EMPTY_BODY = YES;
				CLANG_WARN_ENUM_CONVERSION = YES;
				CLANG_WARN_INFINITE_RECURSION = YES;
				CLANG_WARN_INT_CONVERSION = YES;
				CLANG_WARN_NON_LITERAL_NULL_CONVERSION = YES;
				CLANG_WARN_OBJC_IMPLICIT_RETAIN_SELF = YES;
				CLANG_WARN_OBJC_LITERAL_CONVERSION = YES;
				CLANG_WARN_OBJC_ROOT_CLASS = YES_ERROR;
				CLANG_WARN_QUOTED_INCLUDE_IN_FRAMEWORK_HEADER = YES;
				CLANG_WARN_RANGE_LOOP_ANALYSIS = YES;
				CLANG_WARN_STRICT_PROTOTYPES = YES;
				CLANG_WARN_SUSPICIOUS_MOVE = YES;
				CLANG_WARN_UNGUARDED_AVAILABILITY = YES_AGGRESSIVE;
				CLANG_WARN_UNREACHABLE_CODE = YES;
				CLANG_WARN__DUPLICATE_METHOD_MATCH = YES;
				COPY_PHASE_STRIP = NO;
				DEBUG_INFORMATION_FORMAT = dwarf;
				ENABLE_STRICT_OBJC_MSGSEND = YES;
				ENABLE_TESTABILITY = YES;
				GCC_C_LANGUAGE_STANDARD = gnu11;
				GCC_DYNAMIC_NO_PIC = NO;
				GCC_NO_COMMON_BLOCKS = YES;
				GCC_OPTIMIZATION_LEVEL = 0;
				GCC_PREPROCESSOR_DEFINITIONS = (
					"DEBUG=1",
					"$(inherited)",
				);
				GCC_WARN_64_TO_32_BIT_CONVERSION = YES;
				GCC_WARN_ABOUT_RETURN_TYPE = YES_ERROR;
				GCC_WARN_UNDECLARED_SELECTOR = YES;
				GCC_WARN_UNINITIALIZED_AUTOS = YES_AGGRESSIVE;
				GCC_WARN_UNUSED_FUNCTION = YES;
				GCC_WARN_UNUSED_VARIABLE = YES;
				IPHONEOS_DEPLOYMENT_TARGET = 16.2;
				MTL_ENABLE_DEBUG_INFO = INCLUDE_SOURCE;
				MTL_FAST_MATH = YES;
				ONLY_ACTIVE_ARCH = YES;
				SDKROOT = iphoneos;
				SWIFT_ACTIVE_COMPILATION_CONDITIONS = DEBUG;
				SWIFT_OPTIMIZATION_LEVEL = "-Onone";
			};
			name = Debug;
		};
		758DBBAB296EC897006CEF43 /* Release */ = {
			isa = XCBuildConfiguration;
			buildSettings = {
				ALWAYS_SEARCH_USER_PATHS = NO;
				CLANG_ANALYZER_NONNULL = YES;
				CLANG_ANALYZER_NUMBER_OBJECT_CONVERSION = YES_AGGRESSIVE;
				CLANG_CXX_LANGUAGE_STANDARD = "gnu++20";
				CLANG_ENABLE_MODULES = YES;
				CLANG_ENABLE_OBJC_ARC = YES;
				CLANG_ENABLE_OBJC_WEAK = YES;
				CLANG_WARN_BLOCK_CAPTURE_AUTORELEASING = YES;
				CLANG_WARN_BOOL_CONVERSION = YES;
				CLANG_WARN_COMMA = YES;
				CLANG_WARN_CONSTANT_CONVERSION = YES;
				CLANG_WARN_DEPRECATED_OBJC_IMPLEMENTATIONS = YES;
				CLANG_WARN_DIRECT_OBJC_ISA_USAGE = YES_ERROR;
				CLANG_WARN_DOCUMENTATION_COMMENTS = YES;
				CLANG_WARN_EMPTY_BODY = YES;
				CLANG_WARN_ENUM_CONVERSION = YES;
				CLANG_WARN_INFINITE_RECURSION = YES;
				CLANG_WARN_INT_CONVERSION = YES;
				CLANG_WARN_NON_LITERAL_NULL_CONVERSION = YES;
				CLANG_WARN_OBJC_IMPLICIT_RETAIN_SELF = YES;
				CLANG_WARN_OBJC_LITERAL_CONVERSION = YES;
				CLANG_WARN_OBJC_ROOT_CLASS = YES_ERROR;
				CLANG_WARN_QUOTED_INCLUDE_IN_FRAMEWORK_HEADER = YES;
				CLANG_WARN_RANGE_LOOP_ANALYSIS = YES;
				CLANG_WARN_STRICT_PROTOTYPES = YES;
				CLANG_WARN_SUSPICIOUS_MOVE = YES;
				CLANG_WARN_UNGUARDED_AVAILABILITY = YES_AGGRESSIVE;
				CLANG_WARN_UNREACHABLE_CODE = YES;
				CLANG_WARN__DUPLICATE_METHOD_MATCH = YES;
				COPY_PHASE_STRIP = NO;
				DEBUG_INFORMATION_FORMAT = "dwarf-with-dsym";
				ENABLE_NS_ASSERTIONS = NO;
				ENABLE_STRICT_OBJC_MSGSEND = YES;
				GCC_C_LANGUAGE_STANDARD = gnu11;
				GCC_NO_COMMON_BLOCKS = YES;
				GCC_WARN_64_TO_32_BIT_CONVERSION = YES;
				GCC_WARN_ABOUT_RETURN_TYPE = YES_ERROR;
				GCC_WARN_UNDECLARED_SELECTOR = YES;
				GCC_WARN_UNINITIALIZED_AUTOS = YES_AGGRESSIVE;
				GCC_WARN_UNUSED_FUNCTION = YES;
				GCC_WARN_UNUSED_VARIABLE = YES;
				IPHONEOS_DEPLOYMENT_TARGET = 16.2;
				MTL_ENABLE_DEBUG_INFO = NO;
				MTL_FAST_MATH = YES;
				SDKROOT = iphoneos;
				SWIFT_COMPILATION_MODE = wholemodule;
				SWIFT_OPTIMIZATION_LEVEL = "-O";
				VALIDATE_PRODUCT = YES;
			};
			name = Release;
		};
		758DBBAD296EC897006CEF43 /* Debug */ = {
			isa = XCBuildConfiguration;
			buildSettings = {
				ASSETCATALOG_COMPILER_APPICON_NAME = AppIcon;
				ASSETCATALOG_COMPILER_GLOBAL_ACCENT_COLOR_NAME = AccentColor;
				CODE_SIGN_STYLE = Automatic;
				CURRENT_PROJECT_VERSION = 1;
				DEVELOPMENT_ASSET_PATHS = "\"SwiftUILessons/Preview Content\"";
				DEVELOPMENT_TEAM = 47X734N754;
				ENABLE_PREVIEWS = YES;
				GENERATE_INFOPLIST_FILE = YES;
				INFOPLIST_KEY_UIApplicationSceneManifest_Generation = YES;
				INFOPLIST_KEY_UIApplicationSupportsIndirectInputEvents = YES;
				INFOPLIST_KEY_UILaunchScreen_Generation = YES;
				INFOPLIST_KEY_UISupportedInterfaceOrientations_iPad = "UIInterfaceOrientationPortrait UIInterfaceOrientationPortraitUpsideDown UIInterfaceOrientationLandscapeLeft UIInterfaceOrientationLandscapeRight";
				INFOPLIST_KEY_UISupportedInterfaceOrientations_iPhone = "UIInterfaceOrientationPortrait UIInterfaceOrientationLandscapeLeft UIInterfaceOrientationLandscapeRight";
				LD_RUNPATH_SEARCH_PATHS = (
					"$(inherited)",
					"@executable_path/Frameworks",
				);
				MARKETING_VERSION = 1.0;
				PRODUCT_BUNDLE_IDENTIFIER = hedgehog.SwiftUILessons;
				PRODUCT_NAME = "$(TARGET_NAME)";
				SWIFT_EMIT_LOC_STRINGS = YES;
				SWIFT_VERSION = 5.0;
				TARGETED_DEVICE_FAMILY = "1,2";
			};
			name = Debug;
		};
		758DBBAE296EC897006CEF43 /* Release */ = {
			isa = XCBuildConfiguration;
			buildSettings = {
				ASSETCATALOG_COMPILER_APPICON_NAME = AppIcon;
				ASSETCATALOG_COMPILER_GLOBAL_ACCENT_COLOR_NAME = AccentColor;
				CODE_SIGN_STYLE = Automatic;
				CURRENT_PROJECT_VERSION = 1;
				DEVELOPMENT_ASSET_PATHS = "\"SwiftUILessons/Preview Content\"";
				DEVELOPMENT_TEAM = 47X734N754;
				ENABLE_PREVIEWS = YES;
				GENERATE_INFOPLIST_FILE = YES;
				INFOPLIST_KEY_UIApplicationSceneManifest_Generation = YES;
				INFOPLIST_KEY_UIApplicationSupportsIndirectInputEvents = YES;
				INFOPLIST_KEY_UILaunchScreen_Generation = YES;
				INFOPLIST_KEY_UISupportedInterfaceOrientations_iPad = "UIInterfaceOrientationPortrait UIInterfaceOrientationPortraitUpsideDown UIInterfaceOrientationLandscapeLeft UIInterfaceOrientationLandscapeRight";
				INFOPLIST_KEY_UISupportedInterfaceOrientations_iPhone = "UIInterfaceOrientationPortrait UIInterfaceOrientationLandscapeLeft UIInterfaceOrientationLandscapeRight";
				LD_RUNPATH_SEARCH_PATHS = (
					"$(inherited)",
					"@executable_path/Frameworks",
				);
				MARKETING_VERSION = 1.0;
				PRODUCT_BUNDLE_IDENTIFIER = hedgehog.SwiftUILessons;
				PRODUCT_NAME = "$(TARGET_NAME)";
				SWIFT_EMIT_LOC_STRINGS = YES;
				SWIFT_VERSION = 5.0;
				TARGETED_DEVICE_FAMILY = "1,2";
			};
			name = Release;
		};
/* End XCBuildConfiguration section */

/* Begin XCConfigurationList section */
		758DBB99296EC895006CEF43 /* Build configuration list for PBXProject "SwiftUILessons" */ = {
			isa = XCConfigurationList;
			buildConfigurations = (
				758DBBAA296EC897006CEF43 /* Debug */,
				758DBBAB296EC897006CEF43 /* Release */,
			);
			defaultConfigurationIsVisible = 0;
			defaultConfigurationName = Release;
		};
		758DBBAC296EC897006CEF43 /* Build configuration list for PBXNativeTarget "SwiftUILessons" */ = {
			isa = XCConfigurationList;
			buildConfigurations = (
				758DBBAD296EC897006CEF43 /* Debug */,
				758DBBAE296EC897006CEF43 /* Release */,
			);
			defaultConfigurationIsVisible = 0;
			defaultConfigurationName = Release;
		};
/* End XCConfigurationList section */

/* Begin XCRemoteSwiftPackageReference section */
		75057AE029900C56001740F5 /* XCRemoteSwiftPackageReference "CodingStyleCased" */ = {
			isa = XCRemoteSwiftPackageReference;
			repositoryURL = "https://github.com/DarkHedgehog/CodingStyleCased.git";
			requirement = {
				branch = main;
				kind = branch;
			};
		};
		7562722B2987C5DB0086C0A9 /* XCRemoteSwiftPackageReference "ASCollectionView" */ = {
			isa = XCRemoteSwiftPackageReference;
			repositoryURL = "https://github.com/apptekstudios/ASCollectionView";
			requirement = {
				kind = upToNextMajorVersion;
				minimumVersion = 2.0.0;
			};
		};
		75627274298BD24D0086C0A9 /* XCRemoteSwiftPackageReference "Alamofire" */ = {
			isa = XCRemoteSwiftPackageReference;
			repositoryURL = "https://github.com/Alamofire/Alamofire.git";
			requirement = {
				kind = upToNextMajorVersion;
				minimumVersion = 5.0.0;
			};
		};
		75627277298BD29F0086C0A9 /* XCRemoteSwiftPackageReference "SwiftyJSON" */ = {
			isa = XCRemoteSwiftPackageReference;
			repositoryURL = "https://github.com/SwiftyJSON/SwiftyJSON.git";
			requirement = {
				kind = upToNextMajorVersion;
				minimumVersion = 5.0.0;
			};
		};
/* End XCRemoteSwiftPackageReference section */

/* Begin XCSwiftPackageProductDependency section */
		75057AE129900C56001740F5 /* CodingStyleCased */ = {
			isa = XCSwiftPackageProductDependency;
			package = 75057AE029900C56001740F5 /* XCRemoteSwiftPackageReference "CodingStyleCased" */;
			productName = CodingStyleCased;
		};
		7562722C2987C5DB0086C0A9 /* ASCollectionView */ = {
			isa = XCSwiftPackageProductDependency;
			package = 7562722B2987C5DB0086C0A9 /* XCRemoteSwiftPackageReference "ASCollectionView" */;
			productName = ASCollectionView;
		};
		75627275298BD24D0086C0A9 /* Alamofire */ = {
			isa = XCSwiftPackageProductDependency;
			package = 75627274298BD24D0086C0A9 /* XCRemoteSwiftPackageReference "Alamofire" */;
			productName = Alamofire;
		};
		75627278298BD29F0086C0A9 /* SwiftyJSON */ = {
			isa = XCSwiftPackageProductDependency;
			package = 75627277298BD29F0086C0A9 /* XCRemoteSwiftPackageReference "SwiftyJSON" */;
			productName = SwiftyJSON;
		};
/* End XCSwiftPackageProductDependency section */
	};
	rootObject = 758DBB96296EC895006CEF43 /* Project object */;
}
